
Microsoft Visual Studio Solution File, Format Version 12.00
# Visual Studio Version 16
VisualStudioVersion = 16.0.30523.141
MinimumVisualStudioVersion = 10.0.40219.1
Project("{9A19103F-16F7-4668-BE54-9A1E7A4F7556}") = "UsersDirectoryMVC.Web", "UsersDirectoryMVC.Web\UsersDirectoryMVC.Web.csproj", "{68F74095-8A2D-4477-BC2E-20FD3C2FFE51}"
EndProject
Project("{2150E333-8FDC-42A3-9474-1A3956D46DE8}") = "Application", "Application", "{8E91D44D-A733-4C78-B00C-74F64CB9C4CD}"
EndProject
Project("{2150E333-8FDC-42A3-9474-1A3956D46DE8}") = "Domain", "Domain", "{E5042822-8332-442C-B3B5-74B55472792A}"
EndProject
Project("{2150E333-8FDC-42A3-9474-1A3956D46DE8}") = "Infrastructure", "Infrastructure", "{4C97F193-E11D-402E-8523-4FDFC7624D90}"
EndProject
Project("{2150E333-8FDC-42A3-9474-1A3956D46DE8}") = "Test", "Test", "{1EE81C56-0E0D-428F-9324-31CBBFB1D16D}"
EndProject
Project("{2150E333-8FDC-42A3-9474-1A3956D46DE8}") = "UI", "UI", "{85463772-F19F-4079-8C95-0C1A50D842F6}"
EndProject
Project("{9A19103F-16F7-4668-BE54-9A1E7A4F7556}") = "UsersDirectoryMVC.Application", "UsersDirectoryMVC.Application\UsersDirectoryMVC.Application.csproj", "{7544C5E0-7D21-4C0D-91DD-A916F4D36A2B}"
EndProject
Project("{9A19103F-16F7-4668-BE54-9A1E7A4F7556}") = "UsersDirectoryMVC.Domain", "UsersDirectoryMVC.Domain\UsersDirectoryMVC.Domain.csproj", "{25ECBCDF-0F3F-45B9-AF1A-6A438E73D5E2}"
EndProject
Project("{9A19103F-16F7-4668-BE54-9A1E7A4F7556}") = "UsersDirectoryMVC.Infrastructure", "UsersDirectoryMVC.Infrastructure\UsersDirectoryMVC.Infrastructure.csproj", "{FDD246E7-E8EC-48BE-94D7-08BBF0774518}"
EndProject
Project("{9A19103F-16F7-4668-BE54-9A1E7A4F7556}") = "UsersDirectoryMVC.Tests", "UsersDirectoryMVC.Tests\UsersDirectoryMVC.Tests.csproj", "{8A480D0B-C033-46D1-9CD3-74A6C96257D6}"
EndProject
Global
	GlobalSection(SolutionConfigurationPlatforms) = preSolution
		Debug|Any CPU = Debug|Any CPU
		Release|Any CPU = Release|Any CPU
	EndGlobalSection
	GlobalSection(ProjectConfigurationPlatforms) = postSolution
		{68F74095-8A2D-4477-BC2E-20FD3C2FFE51}.Debug|Any CPU.ActiveCfg = Debug|Any CPU
		{68F74095-8A2D-4477-BC2E-20FD3C2FFE51}.Debug|Any CPU.Build.0 = Debug|Any CPU
		{68F74095-8A2D-4477-BC2E-20FD3C2FFE51}.Release|Any CPU.ActiveCfg = Release|Any CPU
		{68F74095-8A2D-4477-BC2E-20FD3C2FFE51}.Release|Any CPU.Build.0 = Release|Any CPU
		{7544C5E0-7D21-4C0D-91DD-A916F4D36A2B}.Debug|Any CPU.ActiveCfg = Debug|Any CPU
		{7544C5E0-7D21-4C0D-91DD-A916F4D36A2B}.Debug|Any CPU.Build.0 = Debug|Any CPU
		{7544C5E0-7D21-4C0D-91DD-A916F4D36A2B}.Release|Any CPU.ActiveCfg = Release|Any CPU
		{7544C5E0-7D21-4C0D-91DD-A916F4D36A2B}.Release|Any CPU.Build.0 = Release|Any CPU
		{25ECBCDF-0F3F-45B9-AF1A-6A438E73D5E2}.Debug|Any CPU.ActiveCfg = Debug|Any CPU
		{25ECBCDF-0F3F-45B9-AF1A-6A438E73D5E2}.Debug|Any CPU.Build.0 = Debug|Any CPU
		{25ECBCDF-0F3F-45B9-AF1A-6A438E73D5E2}.Release|Any CPU.ActiveCfg = Release|Any CPU
		{25ECBCDF-0F3F-45B9-AF1A-6A438E73D5E2}.Release|Any CPU.Build.0 = Release|Any CPU
		{FDD246E7-E8EC-48BE-94D7-08BBF0774518}.Debug|Any CPU.ActiveCfg = Debug|Any CPU
		{FDD246E7-E8EC-48BE-94D7-08BBF0774518}.Debug|Any CPU.Build.0 = Debug|Any CPU
		{FDD246E7-E8EC-48BE-94D7-08BBF0774518}.Release|Any CPU.ActiveCfg = Release|Any CPU
		{FDD246E7-E8EC-48BE-94D7-08BBF0774518}.Release|Any CPU.Build.0 = Release|Any CPU
		{8A480D0B-C033-46D1-9CD3-74A6C96257D6}.Debug|Any CPU.ActiveCfg = Debug|Any CPU
		{8A480D0B-C033-46D1-9CD3-74A6C96257D6}.Debug|Any CPU.Build.0 = Debug|Any CPU
		{8A480D0B-C033-46D1-9CD3-74A6C96257D6}.Release|Any CPU.ActiveCfg = Release|Any CPU
		{8A480D0B-C033-46D1-9CD3-74A6C96257D6}.Release|Any CPU.Build.0 = Release|Any CPU
	EndGlobalSection
	GlobalSection(SolutionProperties) = preSolution
		HideSolutionNode = FALSE
	EndGlobalSection
	GlobalSection(NestedProjects) = preSolution
		{68F74095-8A2D-4477-BC2E-20FD3C2FFE51} = {85463772-F19F-4079-8C95-0C1A50D842F6}
		{7544C5E0-7D21-4C0D-91DD-A916F4D36A2B} = {8E91D44D-A733-4C78-B00C-74F64CB9C4CD}
		{25ECBCDF-0F3F-45B9-AF1A-6A438E73D5E2} = {E5042822-8332-442C-B3B5-74B55472792A}
		{FDD246E7-E8EC-48BE-94D7-08BBF0774518} = {4C97F193-E11D-402E-8523-4FDFC7624D90}
		{8A480D0B-C033-46D1-9CD3-74A6C96257D6} = {1EE81C56-0E0D-428F-9324-31CBBFB1D16D}
	EndGlobalSection
	GlobalSection(ExtensibilityGlobals) = postSolution
		SolutionGuid = {0C4CB357-19DD-4EFC-9E76-0A42A7F1E594}
	EndGlobalSection
EndGlobal
